
Microsoft Visual Studio Solution File, Format Version 12.00
# Visual Studio 15
VisualStudioVersion = 15.0.28307.271
MinimumVisualStudioVersion = 10.0.40219.1
Project("{FAE04EC0-301F-11D3-BF4B-00C04F79EFBC}") = "PizzaCabin", "PizzaCabin\PizzaCabin.csproj", "{FEBF9C42-D1B0-4373-8809-6339C16F19F9}"
EndProject
Global
	GlobalSection(SolutionConfigurationPlatforms) = preSolution
		Debug|Any CPU = Debug|Any CPU
		Release|Any CPU = Release|Any CPU
	EndGlobalSection
	GlobalSection(ProjectConfigurationPlatforms) = postSolution
		{FEBF9C42-D1B0-4373-8809-6339C16F19F9}.Debug|Any CPU.ActiveCfg = Debug|Any CPU
		{FEBF9C42-D1B0-4373-8809-6339C16F19F9}.Debug|Any CPU.Build.0 = Debug|Any CPU
		{FEBF9C42-D1B0-4373-8809-6339C16F19F9}.Release|Any CPU.ActiveCfg = Release|Any CPU
		{FEBF9C42-D1B0-4373-8809-6339C16F19F9}.Release|Any CPU.Build.0 = Release|Any CPU
	EndGlobalSection
	GlobalSection(SolutionProperties) = preSolution
		HideSolutionNode = FALSE
	EndGlobalSection
	GlobalSection(ExtensibilityGlobals) = postSolution
		SolutionGuid = {CEDB86B1-D126-4630-A46C-39647BC8E685}
	EndGlobalSection
EndGlobal
